
Microsoft Visual Studio Solution File, Format Version 12.00
# Visual Studio Version 17
VisualStudioVersion = 17.5.33414.496
MinimumVisualStudioVersion = 10.0.40219.1
Project("{8BC9CEB8-8B4A-11D0-8D11-00A0C91BC942}") = "iofile", "iofile\iofile.vcxproj", "{F1BE259A-31A8-45F6-9324-BAA0088AD50F}"
EndProject
Global
	GlobalSection(SolutionConfigurationPlatforms) = preSolution
		Debug|x64 = Debug|x64
		Debug|x86 = Debug|x86
		Release|x64 = Release|x64
		Release|x86 = Release|x86
	EndGlobalSection
	GlobalSection(ProjectConfigurationPlatforms) = postSolution
		{F1BE259A-31A8-45F6-9324-BAA0088AD50F}.Debug|x64.ActiveCfg = Debug|x64
		{F1BE259A-31A8-45F6-9324-BAA0088AD50F}.Debug|x64.Build.0 = Debug|x64
		{F1BE259A-31A8-45F6-9324-BAA0088AD50F}.Debug|x86.ActiveCfg = Debug|Win32
		{F1BE259A-31A8-45F6-9324-BAA0088AD50F}.Debug|x86.Build.0 = Debug|Win32
		{F1BE259A-31A8-45F6-9324-BAA0088AD50F}.Release|x64.ActiveCfg = Release|x64
		{F1BE259A-31A8-45F6-9324-BAA0088AD50F}.Release|x64.Build.0 = Release|x64
		{F1BE259A-31A8-45F6-9324-BAA0088AD50F}.Release|x86.ActiveCfg = Release|Win32
		{F1BE259A-31A8-45F6-9324-BAA0088AD50F}.Release|x86.Build.0 = Release|Win32
	EndGlobalSection
	GlobalSection(SolutionProperties) = preSolution
		HideSolutionNode = FALSE
	EndGlobalSection
	GlobalSection(ExtensibilityGlobals) = postSolution
		SolutionGuid = {BA406EAC-5610-4A95-8289-E2B9BF8ADAD3}
	EndGlobalSection
EndGlobal
